
Microsoft Visual Studio Solution File, Format Version 12.00
Project("{FAE04EC0-301F-11D3-BF4B-00C04F79EFBC}") = "CSharpAT01", "CSharpAT01\CSharpAT01.csproj", "{F9A5D695-F230-4629-B78D-5D0502D24DCB}"
EndProject
Project("{FAE04EC0-301F-11D3-BF4B-00C04F79EFBC}") = "CSharpAT02", "CSharpAT02\CSharpAT02.csproj", "{2C40FD72-1729-494F-A562-860ED0EB65B5}"
EndProject
Project("{FAE04EC0-301F-11D3-BF4B-00C04F79EFBC}") = "CSharpAT03", "CSharpAT03\CSharpAT03.csproj", "{FE34B346-5B37-40A2-8FBF-E0D2D622D6BD}"
EndProject
Project("{FAE04EC0-301F-11D3-BF4B-00C04F79EFBC}") = "CSharpAT04", "CSharpAT04\CSharpAT04.csproj", "{ABD5FBFA-F652-42F1-9CB7-C0D98F5CAF51}"
EndProject
Project("{FAE04EC0-301F-11D3-BF4B-00C04F79EFBC}") = "CSharpAT05", "CSharpAT05\CSharpAT05.csproj", "{31530D12-F693-46D3-9E4B-A448E5B6AEF8}"
EndProject
Project("{FAE04EC0-301F-11D3-BF4B-00C04F79EFBC}") = "CSharpAT06", "CSharpAT06\CSharpAT06.csproj", "{03877B2E-7D8D-43AA-A234-E4C1EF11855D}"
EndProject
Project("{FAE04EC0-301F-11D3-BF4B-00C04F79EFBC}") = "CSharpAT07", "CSharpAT07\CSharpAT07.csproj", "{561F05EF-3C3F-443F-BF8E-5921E509A027}"
EndProject
Project("{FAE04EC0-301F-11D3-BF4B-00C04F79EFBC}") = "CSharpAT08", "CSharpAT08\CSharpAT08.csproj", "{F3082675-9451-49F0-AD24-ED478C8BA192}"
EndProject
Global
	GlobalSection(SolutionConfigurationPlatforms) = preSolution
		Debug|Any CPU = Debug|Any CPU
		Release|Any CPU = Release|Any CPU
	EndGlobalSection
	GlobalSection(ProjectConfigurationPlatforms) = postSolution
		{F9A5D695-F230-4629-B78D-5D0502D24DCB}.Debug|Any CPU.ActiveCfg = Debug|Any CPU
		{F9A5D695-F230-4629-B78D-5D0502D24DCB}.Debug|Any CPU.Build.0 = Debug|Any CPU
		{F9A5D695-F230-4629-B78D-5D0502D24DCB}.Release|Any CPU.ActiveCfg = Release|Any CPU
		{F9A5D695-F230-4629-B78D-5D0502D24DCB}.Release|Any CPU.Build.0 = Release|Any CPU
		{2C40FD72-1729-494F-A562-860ED0EB65B5}.Debug|Any CPU.ActiveCfg = Debug|Any CPU
		{2C40FD72-1729-494F-A562-860ED0EB65B5}.Debug|Any CPU.Build.0 = Debug|Any CPU
		{2C40FD72-1729-494F-A562-860ED0EB65B5}.Release|Any CPU.ActiveCfg = Release|Any CPU
		{2C40FD72-1729-494F-A562-860ED0EB65B5}.Release|Any CPU.Build.0 = Release|Any CPU
		{FE34B346-5B37-40A2-8FBF-E0D2D622D6BD}.Debug|Any CPU.ActiveCfg = Debug|Any CPU
		{FE34B346-5B37-40A2-8FBF-E0D2D622D6BD}.Debug|Any CPU.Build.0 = Debug|Any CPU
		{FE34B346-5B37-40A2-8FBF-E0D2D622D6BD}.Release|Any CPU.ActiveCfg = Release|Any CPU
		{FE34B346-5B37-40A2-8FBF-E0D2D622D6BD}.Release|Any CPU.Build.0 = Release|Any CPU
		{ABD5FBFA-F652-42F1-9CB7-C0D98F5CAF51}.Debug|Any CPU.ActiveCfg = Debug|Any CPU
		{ABD5FBFA-F652-42F1-9CB7-C0D98F5CAF51}.Debug|Any CPU.Build.0 = Debug|Any CPU
		{ABD5FBFA-F652-42F1-9CB7-C0D98F5CAF51}.Release|Any CPU.ActiveCfg = Release|Any CPU
		{ABD5FBFA-F652-42F1-9CB7-C0D98F5CAF51}.Release|Any CPU.Build.0 = Release|Any CPU
		{31530D12-F693-46D3-9E4B-A448E5B6AEF8}.Debug|Any CPU.ActiveCfg = Debug|Any CPU
		{31530D12-F693-46D3-9E4B-A448E5B6AEF8}.Debug|Any CPU.Build.0 = Debug|Any CPU
		{31530D12-F693-46D3-9E4B-A448E5B6AEF8}.Release|Any CPU.ActiveCfg = Release|Any CPU
		{31530D12-F693-46D3-9E4B-A448E5B6AEF8}.Release|Any CPU.Build.0 = Release|Any CPU
		{03877B2E-7D8D-43AA-A234-E4C1EF11855D}.Debug|Any CPU.ActiveCfg = Debug|Any CPU
		{03877B2E-7D8D-43AA-A234-E4C1EF11855D}.Debug|Any CPU.Build.0 = Debug|Any CPU
		{03877B2E-7D8D-43AA-A234-E4C1EF11855D}.Release|Any CPU.ActiveCfg = Release|Any CPU
		{03877B2E-7D8D-43AA-A234-E4C1EF11855D}.Release|Any CPU.Build.0 = Release|Any CPU
		{561F05EF-3C3F-443F-BF8E-5921E509A027}.Debug|Any CPU.ActiveCfg = Debug|Any CPU
		{561F05EF-3C3F-443F-BF8E-5921E509A027}.Debug|Any CPU.Build.0 = Debug|Any CPU
		{561F05EF-3C3F-443F-BF8E-5921E509A027}.Release|Any CPU.ActiveCfg = Release|Any CPU
		{561F05EF-3C3F-443F-BF8E-5921E509A027}.Release|Any CPU.Build.0 = Release|Any CPU
		{F3082675-9451-49F0-AD24-ED478C8BA192}.Debug|Any CPU.ActiveCfg = Debug|Any CPU
		{F3082675-9451-49F0-AD24-ED478C8BA192}.Debug|Any CPU.Build.0 = Debug|Any CPU
		{F3082675-9451-49F0-AD24-ED478C8BA192}.Release|Any CPU.ActiveCfg = Release|Any CPU
		{F3082675-9451-49F0-AD24-ED478C8BA192}.Release|Any CPU.Build.0 = Release|Any CPU
	EndGlobalSection
EndGlobal
